{
  "version": 4,
  "terraform_version": "1.4.6",
  "serial": 3,
  "lineage": "952132a9-14d5-496c-4bd9-a7d3b6ee5b05",
  "outputs": {},
  "resources": [
    {
      "mode": "managed",
      "type": "azurerm_container_group",
      "name": "terraform_cg_demo_del1",
      "provider": "provider[\"registry.terraform.io/hashicorp/azurerm\"]",
      "instances": [
        {
          "schema_version": 0,
          "attributes": {
            "container": [
              {
                "commands": [],
                "cpu": 1,
                "cpu_limit": 0,
                "environment_variables": null,
                "gpu": [],
                "gpu_limit": [],
                "image": "kabsoft/del1_weatherapi",
                "liveness_probe": [],
                "memory": 1,
                "memory_limit": 0,
                "name": "weatherapidel1",
                "ports": [
                  {
                    "port": 80,
                    "protocol": "TCP"
                  }
                ],
                "readiness_probe": [],
                "secure_environment_variables": null,
                "volume": []
              }
            ],
            "diagnostics": [],
            "dns_config": [],
            "dns_name_label": "terraformDemoWapidel1",
            "dns_name_label_reuse_policy": "Unsecure",
            "exposed_port": [
              {
                "port": 80,
                "protocol": "TCP"
              }
            ],
            "fqdn": "terraformDemoWapidel1.norwayeast.azurecontainer.io",
            "id": "/subscriptions/aad6e5e4-7d41-4109-bcee-8ea0c2ba370d/resourceGroups/terraform_rg_demo_del1/providers/Microsoft.ContainerInstance/containerGroups/weatherapidel1",
            "identity": [],
            "image_registry_credential": [],
            "init_container": [],
            "ip_address": "20.100.141.132",
            "ip_address_type": "Public",
            "key_vault_key_id": null,
            "location": "norwayeast",
            "name": "weatherapidel1",
            "network_profile_id": null,
            "os_type": "Linux",
            "resource_group_name": "terraform_rg_demo_del1",
            "restart_policy": "Always",
            "subnet_ids": null,
            "tags": null,
            "timeouts": null,
            "zones": null
          },
          "sensitive_attributes": [],
          "private": "eyJlMmJmYjczMC1lY2FhLTExZTYtOGY4OC0zNDM2M2JjN2M0YzAiOnsiY3JlYXRlIjoxODAwMDAwMDAwMDAwLCJkZWxldGUiOjE4MDAwMDAwMDAwMDAsInJlYWQiOjMwMDAwMDAwMDAwMCwidXBkYXRlIjoxODAwMDAwMDAwMDAwfX0=",
          "dependencies": [
            "azurerm_resource_group.terraform_demo_del1"
          ]
        }
      ]
    },
    {
      "mode": "managed",
      "type": "azurerm_resource_group",
      "name": "terraform_demo_del1",
      "provider": "provider[\"registry.terraform.io/hashicorp/azurerm\"]",
      "instances": [
        {
          "schema_version": 0,
          "attributes": {
            "id": "/subscriptions/aad6e5e4-7d41-4109-bcee-8ea0c2ba370d/resourceGroups/terraform_rg_demo_del1",
            "location": "norwayeast",
            "name": "terraform_rg_demo_del1",
            "tags": null,
            "timeouts": null
          },
          "sensitive_attributes": [],
          "private": "eyJlMmJmYjczMC1lY2FhLTExZTYtOGY4OC0zNDM2M2JjN2M0YzAiOnsiY3JlYXRlIjo1NDAwMDAwMDAwMDAwLCJkZWxldGUiOjU0MDAwMDAwMDAwMDAsInJlYWQiOjMwMDAwMDAwMDAwMCwidXBkYXRlIjo1NDAwMDAwMDAwMDAwfX0="
        }
      ]
    }
  ],
  "check_results": null
}
